
Microsoft Visual Studio Solution File, Format Version 12.00
Project("{FAE04EC0-301F-11D3-BF4B-00C04F79EFBC}") = "Watson.SmartHomeHub", "Watson.SmartHomeHub.csproj", "{9CB1EEF2-ABF6-416B-9AC1-0CCDB0F0DAAF}"
EndProject
Project("{FAE04EC0-301F-11D3-BF4B-00C04F79EFBC}") = "Watson.SmartHomeHub.Tests", "Tests\Watson.SmartHomeHub.Tests\Watson.SmartHomeHub.Tests.csproj", "{15EEE3C7-6138-4132-836F-192B8613CE92}"
EndProject
Global
	GlobalSection(SolutionConfigurationPlatforms) = preSolution
		Debug|Any CPU = Debug|Any CPU
		Release|Any CPU = Release|Any CPU
	EndGlobalSection
	GlobalSection(ProjectConfigurationPlatforms) = postSolution
		{9CB1EEF2-ABF6-416B-9AC1-0CCDB0F0DAAF}.Debug|Any CPU.ActiveCfg = Debug|Any CPU
		{9CB1EEF2-ABF6-416B-9AC1-0CCDB0F0DAAF}.Debug|Any CPU.Build.0 = Debug|Any CPU
		{9CB1EEF2-ABF6-416B-9AC1-0CCDB0F0DAAF}.Release|Any CPU.ActiveCfg = Release|Any CPU
		{9CB1EEF2-ABF6-416B-9AC1-0CCDB0F0DAAF}.Release|Any CPU.Build.0 = Release|Any CPU
		{15EEE3C7-6138-4132-836F-192B8613CE92}.Debug|Any CPU.ActiveCfg = Debug|Any CPU
		{15EEE3C7-6138-4132-836F-192B8613CE92}.Debug|Any CPU.Build.0 = Debug|Any CPU
		{15EEE3C7-6138-4132-836F-192B8613CE92}.Release|Any CPU.ActiveCfg = Release|Any CPU
		{15EEE3C7-6138-4132-836F-192B8613CE92}.Release|Any CPU.Build.0 = Release|Any CPU
	EndGlobalSection
EndGlobal
